
Microsoft Visual Studio Solution File, Format Version 12.00
# Visual Studio Version 16
VisualStudioVersion = 16.0.32228.343
MinimumVisualStudioVersion = 10.0.40219.1
Project("{FAE04EC0-301F-11D3-BF4B-00C04F79EFBC}") = "Dummy", "Dummy\Dummy.csproj", "{49B64AB1-4302-4E5B-A1ED-FAB7CECC4049}"
EndProject
Project("{FAE04EC0-301F-11D3-BF4B-00C04F79EFBC}") = "Dummy.EF", "Dummy.EF\Dummy.EF.csproj", "{B559CE2B-FB6A-4CF5-9D9E-57419E225809}"
EndProject
Global
	GlobalSection(SolutionConfigurationPlatforms) = preSolution
		Debug|Any CPU = Debug|Any CPU
		Release|Any CPU = Release|Any CPU
	EndGlobalSection
	GlobalSection(ProjectConfigurationPlatforms) = postSolution
		{49B64AB1-4302-4E5B-A1ED-FAB7CECC4049}.Debug|Any CPU.ActiveCfg = Debug|Any CPU
		{49B64AB1-4302-4E5B-A1ED-FAB7CECC4049}.Debug|Any CPU.Build.0 = Debug|Any CPU
		{49B64AB1-4302-4E5B-A1ED-FAB7CECC4049}.Release|Any CPU.ActiveCfg = Release|Any CPU
		{49B64AB1-4302-4E5B-A1ED-FAB7CECC4049}.Release|Any CPU.Build.0 = Release|Any CPU
		{B559CE2B-FB6A-4CF5-9D9E-57419E225809}.Debug|Any CPU.ActiveCfg = Debug|Any CPU
		{B559CE2B-FB6A-4CF5-9D9E-57419E225809}.Debug|Any CPU.Build.0 = Debug|Any CPU
		{B559CE2B-FB6A-4CF5-9D9E-57419E225809}.Release|Any CPU.ActiveCfg = Release|Any CPU
		{B559CE2B-FB6A-4CF5-9D9E-57419E225809}.Release|Any CPU.Build.0 = Release|Any CPU
	EndGlobalSection
	GlobalSection(SolutionProperties) = preSolution
		HideSolutionNode = FALSE
	EndGlobalSection
	GlobalSection(ExtensibilityGlobals) = postSolution
		SolutionGuid = {83B561B6-26A4-4E37-B201-5F2F8AEBE503}
	EndGlobalSection
EndGlobal
